// !$*UTF8*$!
{
	archiveVersion = 1;
	classes = {
	};
	objectVersion = 46;
	objects = {

/* Begin PBXBuildFile section */
		7E2E10D81FB9604200D1EED8 /* AppDelegate.swift in Sources */ = {isa = PBXBuildFile; fileRef = 7E2E10D71FB9604200D1EED8 /* AppDelegate.swift */; };
		7E2E10DA1FB9604200D1EED8 /* ViewController.swift in Sources */ = {isa = PBXBuildFile; fileRef = 7E2E10D91FB9604200D1EED8 /* ViewController.swift */; };
		7E2E10DD1FB9604200D1EED8 /* Main.storyboard in Resources */ = {isa = PBXBuildFile; fileRef = 7E2E10DB1FB9604200D1EED8 /* Main.storyboard */; };
		7E2E10DF1FB9604200D1EED8 /* Assets.xcassets in Resources */ = {isa = PBXBuildFile; fileRef = 7E2E10DE1FB9604200D1EED8 /* Assets.xcassets */; };
		7E2E10E21FB9604200D1EED8 /* LaunchScreen.storyboard in Resources */ = {isa = PBXBuildFile; fileRef = 7E2E10E01FB9604200D1EED8 /* LaunchScreen.storyboard */; };
		7E2E10ED1FB9604200D1EED8 /* Tip_CalculatorTests.swift in Sources */ = {isa = PBXBuildFile; fileRef = 7E2E10EC1FB9604200D1EED8 /* Tip_CalculatorTests.swift */; };
		7E2E10F81FB9604200D1EED8 /* Tip_CalculatorUITests.swift in Sources */ = {isa = PBXBuildFile; fileRef = 7E2E10F71FB9604200D1EED8 /* Tip_CalculatorUITests.swift */; };
/* End PBXBuildFile section */

/* Begin PBXContainerItemProxy section */
		7E2E10E91FB9604200D1EED8 /* PBXContainerItemProxy */ = {
			isa = PBXContainerItemProxy;
			containerPortal = 7E2E10CC1FB9604200D1EED8 /* Project object */;
			proxyType = 1;
			remoteGlobalIDString = 7E2E10D31FB9604200D1EED8;
			remoteInfo = "Tip Calculator";
		};
		7E2E10F41FB9604200D1EED8 /* PBXContainerItemProxy */ = {
			isa = PBXContainerItemProxy;
			containerPortal = 7E2E10CC1FB9604200D1EED8 /* Project object */;
			proxyType = 1;
			remoteGlobalIDString = 7E2E10D31FB9604200D1EED8;
			remoteInfo = "Tip Calculator";
		};
/* End PBXContainerItemProxy section */

/* Begin PBXFileReference section */
		7E2E10D41FB9604200D1EED8 /* Tip Calculator.app */ = {isa = PBXFileReference; explicitFileType = wrapper.application; includeInIndex = 0; path = "Tip Calculator.app"; sourceTree = BUILT_PRODUCTS_DIR; };
		7E2E10D71FB9604200D1EED8 /* AppDelegate.swift */ = {isa = PBXFileReference; lastKnownFileType = sourcecode.swift; path = AppDelegate.swift; sourceTree = "<group>"; };
		7E2E10D91FB9604200D1EED8 /* ViewController.swift */ = {isa = PBXFileReference; lastKnownFileType = sourcecode.swift; path = ViewController.swift; sourceTree = "<group>"; };
		7E2E10DC1FB9604200D1EED8 /* Base */ = {isa = PBXFileReference; lastKnownFileType = file.storyboard; name = Base; path = Base.lproj/Main.storyboard; sourceTree = "<group>"; };
		7E2E10DE1FB9604200D1EED8 /* Assets.xcassets */ = {isa = PBXFileReference; lastKnownFileType = folder.assetcatalog; path = Assets.xcassets; sourceTree = "<group>"; };
		7E2E10E11FB9604200D1EED8 /* Base */ = {isa = PBXFileReference; lastKnownFileType = file.storyboard; name = Base; path = Base.lproj/LaunchScreen.storyboard; sourceTree = "<group>"; };
		7E2E10E31FB9604200D1EED8 /* Info.plist */ = {isa = PBXFileReference; lastKnownFileType = text.plist.xml; path = Info.plist; sourceTree = "<group>"; };
		7E2E10E81FB9604200D1EED8 /* Tip CalculatorTests.xctest */ = {isa = PBXFileReference; explicitFileType = wrapper.cfbundle; includeInIndex = 0; path = "Tip CalculatorTests.xctest"; sourceTree = BUILT_PRODUCTS_DIR; };
		7E2E10EC1FB9604200D1EED8 /* Tip_CalculatorTests.swift */ = {isa = PBXFileReference; lastKnownFileType = sourcecode.swift; path = Tip_CalculatorTests.swift; sourceTree = "<group>"; };
		7E2E10EE1FB9604200D1EED8 /* Info.plist */ = {isa = PBXFileReference; lastKnownFileType = text.plist.xml; path = Info.plist; sourceTree = "<group>"; };
		7E2E10F31FB9604200D1EED8 /* Tip CalculatorUITests.xctest */ = {isa = PBXFileReference; explicitFileType = wrapper.cfbundle; includeInIndex = 0; path = "Tip CalculatorUITests.xctest"; sourceTree = BUILT_PRODUCTS_DIR; };
		7E2E10F71FB9604200D1EED8 /* Tip_CalculatorUITests.swift */ = {isa = PBXFileReference; lastKnownFileType = sourcecode.swift; path = Tip_CalculatorUITests.swift; sourceTree = "<group>"; };
		7E2E10F91FB9604200D1EED8 /* Info.plist */ = {isa = PBXFileReference; lastKnownFileType = text.plist.xml; path = Info.plist; sourceTree = "<group>"; };
/* End PBXFileReference section */

/* Begin PBXFrameworksBuildPhase section */
		7E2E10D11FB9604200D1EED8 /* Frameworks */ = {
			isa = PBXFrameworksBuildPhase;
			buildActionMask = 2147483647;
			files = (
			);
			runOnlyForDeploymentPostprocessing = 0;
		};
		7E2E10E51FB9604200D1EED8 /* Frameworks */ = {
			isa = PBXFrameworksBuildPhase;
			buildActionMask = 2147483647;
			files = (
			);
			runOnlyForDeploymentPostprocessing = 0;
		};
		7E2E10F01FB9604200D1EED8 /* Frameworks */ = {
			isa = PBXFrameworksBuildPhase;
			buildActionMask = 2147483647;
			files = (
			);
			runOnlyForDeploymentPostprocessing = 0;
		};
/* End PBXFrameworksBuildPhase section */

/* Begin PBXGroup section */
		7E2E10CB1FB9604200D1EED8 = {
			isa = PBXGroup;
			children = (
				7E2E10D61FB9604200D1EED8 /* Tip Calculator */,
				7E2E10EB1FB9604200D1EED8 /* Tip CalculatorTests */,
				7E2E10F61FB9604200D1EED8 /* Tip CalculatorUITests */,
				7E2E10D51FB9604200D1EED8 /* Products */,
			);
			sourceTree = "<group>";
		};
		7E2E10D51FB9604200D1EED8 /* Products */ = {
			isa = PBXGroup;
			children = (
				7E2E10D41FB9604200D1EED8 /* Tip Calculator.app */,
				7E2E10E81FB9604200D1EED8 /* Tip CalculatorTests.xctest */,
				7E2E10F31FB9604200D1EED8 /* Tip CalculatorUITests.xctest */,
			);
			name = Products;
			sourceTree = "<group>";
		};
		7E2E10D61FB9604200D1EED8 /* Tip Calculator */ = {
			isa = PBXGroup;
			children = (
				7E2E10D71FB9604200D1EED8 /* AppDelegate.swift */,
				7E2E10D91FB9604200D1EED8 /* ViewController.swift */,
				7E2E10DB1FB9604200D1EED8 /* Main.storyboard */,
				7E2E10DE1FB9604200D1EED8 /* Assets.xcassets */,
				7E2E10E01FB9604200D1EED8 /* LaunchScreen.storyboard */,
				7E2E10E31FB9604200D1EED8 /* Info.plist */,
			);
			path = "Tip Calculator";
			sourceTree = "<group>";
		};
		7E2E10EB1FB9604200D1EED8 /* Tip CalculatorTests */ = {
			isa = PBXGroup;
			children = (
				7E2E10EC1FB9604200D1EED8 /* Tip_CalculatorTests.swift */,
				7E2E10EE1FB9604200D1EED8 /* Info.plist */,
			);
			path = "Tip CalculatorTests";
			sourceTree = "<group>";
		};
		7E2E10F61FB9604200D1EED8 /* Tip CalculatorUITests */ = {
			isa = PBXGroup;
			children = (
				7E2E10F71FB9604200D1EED8 /* Tip_CalculatorUITests.swift */,
				7E2E10F91FB9604200D1EED8 /* Info.plist */,
			);
			path = "Tip CalculatorUITests";
			sourceTree = "<group>";
		};
/* End PBXGroup section */

/* Begin PBXNativeTarget section */
		7E2E10D31FB9604200D1EED8 /* Tip Calculator */ = {
			isa = PBXNativeTarget;
			buildConfigurationList = 7E2E10FC1FB9604200D1EED8 /* Build configuration list for PBXNativeTarget "Tip Calculator" */;
			buildPhases = (
				7E2E10D01FB9604200D1EED8 /* Sources */,
				7E2E10D11FB9604200D1EED8 /* Frameworks */,
				7E2E10D21FB9604200D1EED8 /* Resources */,
			);
			buildRules = (
			);
			dependencies = (
			);
			name = "Tip Calculator";
			productName = "Tip Calculator";
			productReference = 7E2E10D41FB9604200D1EED8 /* Tip Calculator.app */;
			productType = "com.apple.product-type.application";
		};
		7E2E10E71FB9604200D1EED8 /* Tip CalculatorTests */ = {
			isa = PBXNativeTarget;
			buildConfigurationList = 7E2E10FF1FB9604200D1EED8 /* Build configuration list for PBXNativeTarget "Tip CalculatorTests" */;
			buildPhases = (
				7E2E10E41FB9604200D1EED8 /* Sources */,
				7E2E10E51FB9604200D1EED8 /* Frameworks */,
				7E2E10E61FB9604200D1EED8 /* Resources */,
			);
			buildRules = (
			);
			dependencies = (
				7E2E10EA1FB9604200D1EED8 /* PBXTargetDependency */,
			);
			name = "Tip CalculatorTests";
			productName = "Tip CalculatorTests";
			productReference = 7E2E10E81FB9604200D1EED8 /* Tip CalculatorTests.xctest */;
			productType = "com.apple.product-type.bundle.unit-test";
		};
		7E2E10F21FB9604200D1EED8 /* Tip CalculatorUITests */ = {
			isa = PBXNativeTarget;
			buildConfigurationList = 7E2E11021FB9604200D1EED8 /* Build configuration list for PBXNativeTarget "Tip CalculatorUITests" */;
			buildPhases = (
				7E2E10EF1FB9604200D1EED8 /* Sources */,
				7E2E10F01FB9604200D1EED8 /* Frameworks */,
				7E2E10F11FB9604200D1EED8 /* Resources */,
			);
			buildRules = (
			);
			dependencies = (
				7E2E10F51FB9604200D1EED8 /* PBXTargetDependency */,
			);
			name = "Tip CalculatorUITests";
			productName = "Tip CalculatorUITests";
			productReference = 7E2E10F31FB9604200D1EED8 /* Tip CalculatorUITests.xctest */;
			productType = "com.apple.product-type.bundle.ui-testing";
		};
/* End PBXNativeTarget section */

/* Begin PBXProject section */
		7E2E10CC1FB9604200D1EED8 /* Project object */ = {
			isa = PBXProject;
			attributes = {
				LastSwiftUpdateCheck = 0830;
				LastUpgradeCheck = 0830;
				ORGANIZATIONNAME = "Rohan Gupta";
				TargetAttributes = {
					7E2E10D31FB9604200D1EED8 = {
						CreatedOnToolsVersion = 8.3.2;
						DevelopmentTeam = 7UKB592U89;
						ProvisioningStyle = Automatic;
					};
					7E2E10E71FB9604200D1EED8 = {
						CreatedOnToolsVersion = 8.3.2;
						DevelopmentTeam = 7UKB592U89;
						ProvisioningStyle = Automatic;
						TestTargetID = 7E2E10D31FB9604200D1EED8;
					};
					7E2E10F21FB9604200D1EED8 = {
						CreatedOnToolsVersion = 8.3.2;
						DevelopmentTeam = 7UKB592U89;
						ProvisioningStyle = Automatic;
						TestTargetID = 7E2E10D31FB9604200D1EED8;
					};
				};
			};
			buildConfigurationList = 7E2E10CF1FB9604200D1EED8 /* Build configuration list for PBXProject "Tip Calculator" */;
			compatibilityVersion = "Xcode 3.2";
			developmentRegion = English;
			hasScannedForEncodings = 0;
			knownRegions = (
				en,
				Base,
			);
			mainGroup = 7E2E10CB1FB9604200D1EED8;
			productRefGroup = 7E2E10D51FB9604200D1EED8 /* Products */;
			projectDirPath = "";
			projectRoot = "";
			targets = (
				7E2E10D31FB9604200D1EED8 /* Tip Calculator */,
				7E2E10E71FB9604200D1EED8 /* Tip CalculatorTests */,
				7E2E10F21FB9604200D1EED8 /* Tip CalculatorUITests */,
			);
		};
/* End PBXProject section */

/* Begin PBXResourcesBuildPhase section */
		7E2E10D21FB9604200D1EED8 /* Resources */ = {
			isa = PBXResourcesBuildPhase;
			buildActionMask = 2147483647;
			files = (
				7E2E10E21FB9604200D1EED8 /* LaunchScreen.storyboard in Resources */,
				7E2E10DF1FB9604200D1EED8 /* Assets.xcassets in Resources */,
				7E2E10DD1FB9604200D1EED8 /* Main.storyboard in Resources */,
			);
			runOnlyForDeploymentPostprocessing = 0;
		};
		7E2E10E61FB9604200D1EED8 /* Resources */ = {
			isa = PBXResourcesBuildPhase;
			buildActionMask = 2147483647;
			files = (
			);
			runOnlyForDeploymentPostprocessing = 0;
		};
		7E2E10F11FB9604200D1EED8 /* Resources */ = {
			isa = PBXResourcesBuildPhase;
			buildActionMask = 2147483647;
			files = (
			);
			runOnlyForDeploymentPostprocessing = 0;
		};
/* End PBXResourcesBuildPhase section */

/* Begin PBXSourcesBuildPhase section */
		7E2E10D01FB9604200D1EED8 /* Sources */ = {
			isa = PBXSourcesBuildPhase;
			buildActionMask = 2147483647;
			files = (
				7E2E10DA1FB9604200D1EED8 /* ViewController.swift in Sources */,
				7E2E10D81FB9604200D1EED8 /* AppDelegate.swift in Sources */,
			);
			runOnlyForDeploymentPostprocessing = 0;
		};
		7E2E10E41FB9604200D1EED8 /* Sources */ = {
			isa = PBXSourcesBuildPhase;
			buildActionMask = 2147483647;
			files = (
				7E2E10ED1FB9604200D1EED8 /* Tip_CalculatorTests.swift in Sources */,
			);
			runOnlyForDeploymentPostprocessing = 0;
		};
		7E2E10EF1FB9604200D1EED8 /* Sources */ = {
			isa = PBXSourcesBuildPhase;
			buildActionMask = 2147483647;
			files = (
				7E2E10F81FB9604200D1EED8 /* Tip_CalculatorUITests.swift in Sources */,
			);
			runOnlyForDeploymentPostprocessing = 0;
		};
/* End PBXSourcesBuildPhase section */

/* Begin PBXTargetDependency section */
		7E2E10EA1FB9604200D1EED8 /* PBXTargetDependency */ = {
			isa = PBXTargetDependency;
			target = 7E2E10D31FB9604200D1EED8 /* Tip Calculator */;
			targetProxy = 7E2E10E91FB9604200D1EED8 /* PBXContainerItemProxy */;
		};
		7E2E10F51FB9604200D1EED8 /* PBXTargetDependency */ = {
			isa = PBXTargetDependency;
			target = 7E2E10D31FB9604200D1EED8 /* Tip Calculator */;
			targetProxy = 7E2E10F41FB9604200D1EED8 /* PBXContainerItemProxy */;
		};
/* End PBXTargetDependency section */

/* Begin PBXVariantGroup section */
		7E2E10DB1FB9604200D1EED8 /* Main.storyboard */ = {
			isa = PBXVariantGroup;
			children = (
				7E2E10DC1FB9604200D1EED8 /* Base */,
			);
			name = Main.storyboard;
			sourceTree = "<group>";
		};
		7E2E10E01FB9604200D1EED8 /* LaunchScreen.storyboard */ = {
			isa = PBXVariantGroup;
			children = (
				7E2E10E11FB9604200D1EED8 /* Base */,
			);
			name = LaunchScreen.storyboard;
			sourceTree = "<group>";
		};
/* End PBXVariantGroup section */

/* Begin XCBuildConfiguration section */
		7E2E10FA1FB9604200D1EED8 /* Debug */ = {
			isa = XCBuildConfiguration;
			buildSettings = {
				ALWAYS_SEARCH_USER_PATHS = NO;
				CLANG_ANALYZER_NONNULL = YES;
				CLANG_ANALYZER_NUMBER_OBJECT_CONVERSION = YES_AGGRESSIVE;
				CLANG_CXX_LANGUAGE_STANDARD = "gnu++0x";
				CLANG_CXX_LIBRARY = "libc++";
				CLANG_ENABLE_MODULES = YES;
				CLANG_ENABLE_OBJC_ARC = YES;
				CLANG_WARN_BOOL_CONVERSION = YES;
				CLANG_WARN_CONSTANT_CONVERSION = YES;
				CLANG_WARN_DIRECT_OBJC_ISA_USAGE = YES_ERROR;
				CLANG_WARN_DOCUMENTATION_COMMENTS = YES;
				CLANG_WARN_EMPTY_BODY = YES;
				CLANG_WARN_ENUM_CONVERSION = YES;
				CLANG_WARN_INFINITE_RECURSION = YES;
				CLANG_WARN_INT_CONVERSION = YES;
				CLANG_WARN_OBJC_ROOT_CLASS = YES_ERROR;
				CLANG_WARN_SUSPICIOUS_MOVE = YES;
				CLANG_WARN_UNREACHABLE_CODE = YES;
				CLANG_WARN__DUPLICATE_METHOD_MATCH = YES;
				"CODE_SIGN_IDENTITY[sdk=iphoneos*]" = "iPhone Developer";
				COPY_PHASE_STRIP = NO;
				DEBUG_INFORMATION_FORMAT = dwarf;
				ENABLE_STRICT_OBJC_MSGSEND = YES;
				ENABLE_TESTABILITY = YES;
				GCC_C_LANGUAGE_STANDARD = gnu99;
				GCC_DYNAMIC_NO_PIC = NO;
				GCC_NO_COMMON_BLOCKS = YES;
				GCC_OPTIMIZATION_LEVEL = 0;
				GCC_PREPROCESSOR_DEFINITIONS = (
					"DEBUG=1",
					"$(inherited)",
				);
				GCC_WARN_64_TO_32_BIT_CONVERSION = YES;
				GCC_WARN_ABOUT_RETURN_TYPE = YES_ERROR;
				GCC_WARN_UNDECLARED_SELECTOR = YES;
				GCC_WARN_UNINITIALIZED_AUTOS = YES_AGGRESSIVE;
				GCC_WARN_UNUSED_FUNCTION = YES;
				GCC_WARN_UNUSED_VARIABLE = YES;
				IPHONEOS_DEPLOYMENT_TARGET = 10.3;
				MTL_ENABLE_DEBUG_INFO = YES;
				ONLY_ACTIVE_ARCH = YES;
				SDKROOT = iphoneos;
				SWIFT_ACTIVE_COMPILATION_CONDITIONS = DEBUG;
				SWIFT_OPTIMIZATION_LEVEL = "-Onone";
			};
			name = Debug;
		};
		7E2E10FB1FB9604200D1EED8 /* Release */ = {
			isa = XCBuildConfiguration;
			buildSettings = {
				ALWAYS_SEARCH_USER_PATHS = NO;
				CLANG_ANALYZER_NONNULL = YES;
				CLANG_ANALYZER_NUMBER_OBJECT_CONVERSION = YES_AGGRESSIVE;
				CLANG_CXX_LANGUAGE_STANDARD = "gnu++0x";
				CLANG_CXX_LIBRARY = "libc++";
				CLANG_ENABLE_MODULES = YES;
				CLANG_ENABLE_OBJC_ARC = YES;
				CLANG_WARN_BOOL_CONVERSION = YES;
				CLANG_WARN_CONSTANT_CONVERSION = YES;
				CLANG_WARN_DIRECT_OBJC_ISA_USAGE = YES_ERROR;
				CLANG_WARN_DOCUMENTATION_COMMENTS = YES;
				CLANG_WARN_EMPTY_BODY = YES;
				CLANG_WARN_ENUM_CONVERSION = YES;
				CLANG_WARN_INFINITE_RECURSION = YES;
				CLANG_WARN_INT_CONVERSION = YES;
				CLANG_WARN_OBJC_ROOT_CLASS = YES_ERROR;
				CLANG_WARN_SUSPICIOUS_MOVE = YES;
				CLANG_WARN_UNREACHABLE_CODE = YES;
				CLANG_WARN__DUPLICATE_METHOD_MATCH = YES;
				"CODE_SIGN_IDENTITY[sdk=iphoneos*]" = "iPhone Developer";
				COPY_PHASE_STRIP = NO;
				DEBUG_INFORMATION_FORMAT = "dwarf-with-dsym";
				ENABLE_NS_ASSERTIONS = NO;
				ENABLE_STRICT_OBJC_MSGSEND = YES;
				GCC_C_LANGUAGE_STANDARD = gnu99;
				GCC_NO_COMMON_BLOCKS = YES;
				GCC_WARN_64_TO_32_BIT_CONVERSION = YES;
				GCC_WARN_ABOUT_RETURN_TYPE = YES_ERROR;
				GCC_WARN_UNDECLARED_SELECTOR = YES;
				GCC_WARN_UNINITIALIZED_AUTOS = YES_AGGRESSIVE;
				GCC_WARN_UNUSED_FUNCTION = YES;
				GCC_WARN_UNUSED_VARIABLE = YES;
				IPHONEOS_DEPLOYMENT_TARGET = 10.3;
				MTL_ENABLE_DEBUG_INFO = NO;
				SDKROOT = iphoneos;
				SWIFT_OPTIMIZATION_LEVEL = "-Owholemodule";
				VALIDATE_PRODUCT = YES;
			};
			name = Release;
		};
		7E2E10FD1FB9604200D1EED8 /* Debug */ = {
			isa = XCBuildConfiguration;
			buildSettings = {
				ASSETCATALOG_COMPILER_APPICON_NAME = AppIcon;
				DEVELOPMENT_TEAM = 7UKB592U89;
				INFOPLIST_FILE = "Tip Calculator/Info.plist";
				LD_RUNPATH_SEARCH_PATHS = "$(inherited) @executable_path/Frameworks";
				PRODUCT_BUNDLE_IDENTIFIER = "Test.Tip-Calculator";
				PRODUCT_NAME = "$(TARGET_NAME)";
				SWIFT_VERSION = 3.0;
			};
			name = Debug;
		};
		7E2E10FE1FB9604200D1EED8 /* Release */ = {
			isa = XCBuildConfiguration;
			buildSettings = {
				ASSETCATALOG_COMPILER_APPICON_NAME = AppIcon;
				DEVELOPMENT_TEAM = 7UKB592U89;
				INFOPLIST_FILE = "Tip Calculator/Info.plist";
				LD_RUNPATH_SEARCH_PATHS = "$(inherited) @executable_path/Frameworks";
				PRODUCT_BUNDLE_IDENTIFIER = "Test.Tip-Calculator";
				PRODUCT_NAME = "$(TARGET_NAME)";
				SWIFT_VERSION = 3.0;
			};
			name = Release;
		};
		7E2E11001FB9604200D1EED8 /* Debug */ = {
			isa = XCBuildConfiguration;
			buildSettings = {
				ALWAYS_EMBED_SWIFT_STANDARD_LIBRARIES = YES;
				BUNDLE_LOADER = "$(TEST_HOST)";
				DEVELOPMENT_TEAM = 7UKB592U89;
				INFOPLIST_FILE = "Tip CalculatorTests/Info.plist";
				LD_RUNPATH_SEARCH_PATHS = "$(inherited) @executable_path/Frameworks @loader_path/Frameworks";
				PRODUCT_BUNDLE_IDENTIFIER = "Test.Tip-CalculatorTests";
				PRODUCT_NAME = "$(TARGET_NAME)";
				SWIFT_VERSION = 3.0;
				TEST_HOST = "$(BUILT_PRODUCTS_DIR)/Tip Calculator.app/Tip Calculator";
			};
			name = Debug;
		};
		7E2E11011FB9604200D1EED8 /* Release */ = {
			isa = XCBuildConfiguration;
			buildSettings = {
				ALWAYS_EMBED_SWIFT_STANDARD_LIBRARIES = YES;
				BUNDLE_LOADER = "$(TEST_HOST)";
				DEVELOPMENT_TEAM = 7UKB592U89;
				INFOPLIST_FILE = "Tip CalculatorTests/Info.plist";
				LD_RUNPATH_SEARCH_PATHS = "$(inherited) @executable_path/Frameworks @loader_path/Frameworks";
				PRODUCT_BUNDLE_IDENTIFIER = "Test.Tip-CalculatorTests";
				PRODUCT_NAME = "$(TARGET_NAME)";
				SWIFT_VERSION = 3.0;
				TEST_HOST = "$(BUILT_PRODUCTS_DIR)/Tip Calculator.app/Tip Calculator";
			};
			name = Release;
		};
		7E2E11031FB9604200D1EED8 /* Debug */ = {
			isa = XCBuildConfiguration;
			buildSettings = {
				ALWAYS_EMBED_SWIFT_STANDARD_LIBRARIES = YES;
				DEVELOPMENT_TEAM = 7UKB592U89;
				INFOPLIST_FILE = "Tip CalculatorUITests/Info.plist";
				LD_RUNPATH_SEARCH_PATHS = "$(inherited) @executable_path/Frameworks @loader_path/Frameworks";
				PRODUCT_BUNDLE_IDENTIFIER = "Test.Tip-CalculatorUITests";
				PRODUCT_NAME = "$(TARGET_NAME)";
				SWIFT_VERSION = 3.0;
				TEST_TARGET_NAME = "Tip Calculator";
			};
			name = Debug;
		};
		7E2E11041FB9604200D1EED8 /* Release */ = {
			isa = XCBuildConfiguration;
			buildSettings = {
				ALWAYS_EMBED_SWIFT_STANDARD_LIBRARIES = YES;
				DEVELOPMENT_TEAM = 7UKB592U89;
				INFOPLIST_FILE = "Tip CalculatorUITests/Info.plist";
				LD_RUNPATH_SEARCH_PATHS = "$(inherited) @executable_path/Frameworks @loader_path/Frameworks";
				PRODUCT_BUNDLE_IDENTIFIER = "Test.Tip-CalculatorUITests";
				PRODUCT_NAME = "$(TARGET_NAME)";
				SWIFT_VERSION = 3.0;
				TEST_TARGET_NAME = "Tip Calculator";
			};
			name = Release;
		};
/* End XCBuildConfiguration section */

/* Begin XCConfigurationList section */
		7E2E10CF1FB9604200D1EED8 /* Build configuration list for PBXProject "Tip Calculator" */ = {
			isa = XCConfigurationList;
			buildConfigurations = (
				7E2E10FA1FB9604200D1EED8 /* Debug */,
				7E2E10FB1FB9604200D1EED8 /* Release */,
			);
			defaultConfigurationIsVisible = 0;
			defaultConfigurationName = Release;
		};
		7E2E10FC1FB9604200D1EED8 /* Build configuration list for PBXNativeTarget "Tip Calculator" */ = {
			isa = XCConfigurationList;
			buildConfigurations = (
				7E2E10FD1FB9604200D1EED8 /* Debug */,
				7E2E10FE1FB9604200D1EED8 /* Release */,
			);
			defaultConfigurationIsVisible = 0;
		};
		7E2E10FF1FB9604200D1EED8 /* Build configuration list for PBXNativeTarget "Tip CalculatorTests" */ = {
			isa = XCConfigurationList;
			buildConfigurations = (
				7E2E11001FB9604200D1EED8 /* Debug */,
				7E2E11011FB9604200D1EED8 /* Release */,
			);
			defaultConfigurationIsVisible = 0;
		};
		7E2E11021FB9604200D1EED8 /* Build configuration list for PBXNativeTarget "Tip CalculatorUITests" */ = {
			isa = XCConfigurationList;
			buildConfigurations = (
				7E2E11031FB9604200D1EED8 /* Debug */,
				7E2E11041FB9604200D1EED8 /* Release */,
			);
			defaultConfigurationIsVisible = 0;
		};
/* End XCConfigurationList section */
	};
	rootObject = 7E2E10CC1FB9604200D1EED8 /* Project object */;
}
